
Microsoft Visual Studio Solution File, Format Version 12.00
# Visual Studio 15
VisualStudioVersion = 15.0.26430.15
MinimumVisualStudioVersion = 10.0.40219.1
Project("{2150E333-8FDC-42A3-9474-1A3956D46DE8}") = "1 - Interface", "1 - Interface", "{35D82A61-D16A-4CB5-ACEE-7C35C3F661D3}"
EndProject
Project("{2150E333-8FDC-42A3-9474-1A3956D46DE8}") = "2 - Application", "2 - Application", "{2D4840AB-2F89-4A1D-88F6-522DCB403469}"
EndProject
Project("{2150E333-8FDC-42A3-9474-1A3956D46DE8}") = "4 - Domain", "4 - Domain", "{85A1930D-93E1-4547-896D-BAA02C72DB5D}"
EndProject
Project("{2150E333-8FDC-42A3-9474-1A3956D46DE8}") = "5 - Infra", "5 - Infra", "{71D67BB3-7FFD-4CD0-88E0-D29233298310}"
EndProject
Project("{2150E333-8FDC-42A3-9474-1A3956D46DE8}") = "5.1 - IoC", "5.1 - IoC", "{CE48E5DF-50ED-488F-9CD9-7610844A2F8A}"
EndProject
Project("{2150E333-8FDC-42A3-9474-1A3956D46DE8}") = "5.2 - Data", "5.2 - Data", "{F804B52E-5595-40BD-99F3-20496EE7184D}"
EndProject
Project("{2150E333-8FDC-42A3-9474-1A3956D46DE8}") = "1.1 - Mobile", "1.1 - Mobile", "{B3BF78AA-F518-471D-B297-4C07E73403A9}"
EndProject
Project("{2150E333-8FDC-42A3-9474-1A3956D46DE8}") = "1.2 - Web", "1.2 - Web", "{98C1EDEF-0E3F-4E07-BBCB-7EC32C0BFB73}"
EndProject
Project("{2150E333-8FDC-42A3-9474-1A3956D46DE8}") = "1.3 - Bot", "1.3 - Bot", "{8FEF5F65-D0D1-44E7-8999-2308024E7081}"
EndProject
Project("{FAE04EC0-301F-11D3-BF4B-00C04F79EFBC}") = "Interface.UtilizaBot", "Interface.UtilizaBot\Interface.UtilizaBot.csproj", "{BD7A3CF1-BAB1-4525-B898-881539A6AA34}"
EndProject
Project("{FAE04EC0-301F-11D3-BF4B-00C04F79EFBC}") = "Utiliza.Aplication", "Utiliza.Aplication\Utiliza.Aplication.csproj", "{7F5E60AA-C3AE-4C1D-83EB-407A1CEF5303}"
EndProject
Project("{2150E333-8FDC-42A3-9474-1A3956D46DE8}") = "3 - Services", "3 - Services", "{98AA62C4-F91F-4908-A980-5F79E55BE5A2}"
EndProject
Project("{2150E333-8FDC-42A3-9474-1A3956D46DE8}") = "6 - Test", "6 - Test", "{03478097-7921-4062-BCB7-7C17B92D43B4}"
EndProject
Project("{FAE04EC0-301F-11D3-BF4B-00C04F79EFBC}") = "TesteConsole", "TesteConsole\TesteConsole.csproj", "{47410203-ED7B-467B-883C-9BAABCAE7581}"
EndProject
Project("{FAE04EC0-301F-11D3-BF4B-00C04F79EFBC}") = "EmployeesDataAccess", "EmployeesDataAccess\EmployeesDataAccess.csproj", "{E2A2D8C0-0923-4AFD-B04E-1E0666EB0108}"
EndProject
Project("{FAE04EC0-301F-11D3-BF4B-00C04F79EFBC}") = "Utiliza.Infra.Data", "Utiliza.Infra.Data\Utiliza.Infra.Data.csproj", "{27A22C25-A7A9-481D-8546-55493E9AA941}"
EndProject
Project("{FAE04EC0-301F-11D3-BF4B-00C04F79EFBC}") = "Utiliza.Domain", "Utiliza.Domain\Utiliza.Domain.csproj", "{97B6C7EC-4DB7-4F1A-B37F-32A8BA41F041}"
EndProject
Project("{FAE04EC0-301F-11D3-BF4B-00C04F79EFBC}") = "Utiliza.Usuario", "Utiliza.Usuario\Utiliza.Usuario\Utiliza.Usuario.csproj", "{29481AC1-E64C-4E3D-A3C9-BBE5427E364F}"
EndProject
Project("{FAE04EC0-301F-11D3-BF4B-00C04F79EFBC}") = "Utiliza.Usuario.iOS", "Utiliza.Usuario\Utiliza.Usuario.iOS\Utiliza.Usuario.iOS.csproj", "{D62C5112-E253-497A-8640-1CB651FB47A6}"
EndProject
Project("{FAE04EC0-301F-11D3-BF4B-00C04F79EFBC}") = "Utiliza.Usuario.UWP", "Utiliza.Usuario\Utiliza.Usuario.UWP\Utiliza.Usuario.UWP.csproj", "{C0063622-7547-4D97-8153-29BED5CD329B}"
EndProject
Project("{FAE04EC0-301F-11D3-BF4B-00C04F79EFBC}") = "Utiliza.Usuario.Droid", "Utiliza.Usuario\Utiliza.Usuario.Droid\Utiliza.Usuario.Droid.csproj", "{20DA9B74-B4C3-4D47-AE8F-EB4C29BA95D9}"
EndProject
Project("{FAE04EC0-301F-11D3-BF4B-00C04F79EFBC}") = "GuiaComercial.Services", "GuiaComercial.Services\GuiaComercial.Services.csproj", "{07C3C383-90F3-4226-94F6-7FDDE582DA65}"
EndProject
Global
	GlobalSection(SolutionConfigurationPlatforms) = preSolution
		Ad-Hoc|Any CPU = Ad-Hoc|Any CPU
		Ad-Hoc|ARM = Ad-Hoc|ARM
		Ad-Hoc|iPhone = Ad-Hoc|iPhone
		Ad-Hoc|iPhoneSimulator = Ad-Hoc|iPhoneSimulator
		Ad-Hoc|x64 = Ad-Hoc|x64
		Ad-Hoc|x86 = Ad-Hoc|x86
		AppStore|Any CPU = AppStore|Any CPU
		AppStore|ARM = AppStore|ARM
		AppStore|iPhone = AppStore|iPhone
		AppStore|iPhoneSimulator = AppStore|iPhoneSimulator
		AppStore|x64 = AppStore|x64
		AppStore|x86 = AppStore|x86
		Debug|Any CPU = Debug|Any CPU
		Debug|ARM = Debug|ARM
		Debug|iPhone = Debug|iPhone
		Debug|iPhoneSimulator = Debug|iPhoneSimulator
		Debug|x64 = Debug|x64
		Debug|x86 = Debug|x86
		Release|Any CPU = Release|Any CPU
		Release|ARM = Release|ARM
		Release|iPhone = Release|iPhone
		Release|iPhoneSimulator = Release|iPhoneSimulator
		Release|x64 = Release|x64
		Release|x86 = Release|x86
	EndGlobalSection
	GlobalSection(ProjectConfigurationPlatforms) = postSolution
		{BD7A3CF1-BAB1-4525-B898-881539A6AA34}.Ad-Hoc|Any CPU.ActiveCfg = Release|Any CPU
		{BD7A3CF1-BAB1-4525-B898-881539A6AA34}.Ad-Hoc|Any CPU.Build.0 = Release|Any CPU
		{BD7A3CF1-BAB1-4525-B898-881539A6AA34}.Ad-Hoc|ARM.ActiveCfg = Release|Any CPU
		{BD7A3CF1-BAB1-4525-B898-881539A6AA34}.Ad-Hoc|ARM.Build.0 = Release|Any CPU
		{BD7A3CF1-BAB1-4525-B898-881539A6AA34}.Ad-Hoc|iPhone.ActiveCfg = Release|Any CPU
		{BD7A3CF1-BAB1-4525-B898-881539A6AA34}.Ad-Hoc|iPhone.Build.0 = Release|Any CPU
		{BD7A3CF1-BAB1-4525-B898-881539A6AA34}.Ad-Hoc|iPhoneSimulator.ActiveCfg = Release|Any CPU
		{BD7A3CF1-BAB1-4525-B898-881539A6AA34}.Ad-Hoc|iPhoneSimulator.Build.0 = Release|Any CPU
		{BD7A3CF1-BAB1-4525-B898-881539A6AA34}.Ad-Hoc|x64.ActiveCfg = Release|Any CPU
		{BD7A3CF1-BAB1-4525-B898-881539A6AA34}.Ad-Hoc|x64.Build.0 = Release|Any CPU
		{BD7A3CF1-BAB1-4525-B898-881539A6AA34}.Ad-Hoc|x86.ActiveCfg = Release|Any CPU
		{BD7A3CF1-BAB1-4525-B898-881539A6AA34}.Ad-Hoc|x86.Build.0 = Release|Any CPU
		{BD7A3CF1-BAB1-4525-B898-881539A6AA34}.AppStore|Any CPU.ActiveCfg = Release|Any CPU
		{BD7A3CF1-BAB1-4525-B898-881539A6AA34}.AppStore|Any CPU.Build.0 = Release|Any CPU
		{BD7A3CF1-BAB1-4525-B898-881539A6AA34}.AppStore|ARM.ActiveCfg = Release|Any CPU
		{BD7A3CF1-BAB1-4525-B898-881539A6AA34}.AppStore|ARM.Build.0 = Release|Any CPU
		{BD7A3CF1-BAB1-4525-B898-881539A6AA34}.AppStore|iPhone.ActiveCfg = Release|Any CPU
		{BD7A3CF1-BAB1-4525-B898-881539A6AA34}.AppStore|iPhone.Build.0 = Release|Any CPU
		{BD7A3CF1-BAB1-4525-B898-881539A6AA34}.AppStore|iPhoneSimulator.ActiveCfg = Release|Any CPU
		{BD7A3CF1-BAB1-4525-B898-881539A6AA34}.AppStore|iPhoneSimulator.Build.0 = Release|Any CPU
		{BD7A3CF1-BAB1-4525-B898-881539A6AA34}.AppStore|x64.ActiveCfg = Release|Any CPU
		{BD7A3CF1-BAB1-4525-B898-881539A6AA34}.AppStore|x64.Build.0 = Release|Any CPU
		{BD7A3CF1-BAB1-4525-B898-881539A6AA34}.AppStore|x86.ActiveCfg = Release|Any CPU
		{BD7A3CF1-BAB1-4525-B898-881539A6AA34}.AppStore|x86.Build.0 = Release|Any CPU
		{BD7A3CF1-BAB1-4525-B898-881539A6AA34}.Debug|Any CPU.ActiveCfg = Debug|Any CPU
		{BD7A3CF1-BAB1-4525-B898-881539A6AA34}.Debug|ARM.ActiveCfg = Debug|Any CPU
		{BD7A3CF1-BAB1-4525-B898-881539A6AA34}.Debug|ARM.Build.0 = Debug|Any CPU
		{BD7A3CF1-BAB1-4525-B898-881539A6AA34}.Debug|iPhone.ActiveCfg = Debug|Any CPU
		{BD7A3CF1-BAB1-4525-B898-881539A6AA34}.Debug|iPhone.Build.0 = Debug|Any CPU
		{BD7A3CF1-BAB1-4525-B898-881539A6AA34}.Debug|iPhoneSimulator.ActiveCfg = Debug|Any CPU
		{BD7A3CF1-BAB1-4525-B898-881539A6AA34}.Debug|iPhoneSimulator.Build.0 = Debug|Any CPU
		{BD7A3CF1-BAB1-4525-B898-881539A6AA34}.Debug|x64.ActiveCfg = Debug|Any CPU
		{BD7A3CF1-BAB1-4525-B898-881539A6AA34}.Debug|x64.Build.0 = Debug|Any CPU
		{BD7A3CF1-BAB1-4525-B898-881539A6AA34}.Debug|x86.ActiveCfg = Debug|Any CPU
		{BD7A3CF1-BAB1-4525-B898-881539A6AA34}.Debug|x86.Build.0 = Debug|Any CPU
		{BD7A3CF1-BAB1-4525-B898-881539A6AA34}.Release|Any CPU.ActiveCfg = Release|Any CPU
		{BD7A3CF1-BAB1-4525-B898-881539A6AA34}.Release|Any CPU.Build.0 = Release|Any CPU
		{BD7A3CF1-BAB1-4525-B898-881539A6AA34}.Release|ARM.ActiveCfg = Release|Any CPU
		{BD7A3CF1-BAB1-4525-B898-881539A6AA34}.Release|ARM.Build.0 = Release|Any CPU
		{BD7A3CF1-BAB1-4525-B898-881539A6AA34}.Release|iPhone.ActiveCfg = Release|Any CPU
		{BD7A3CF1-BAB1-4525-B898-881539A6AA34}.Release|iPhone.Build.0 = Release|Any CPU
		{BD7A3CF1-BAB1-4525-B898-881539A6AA34}.Release|iPhoneSimulator.ActiveCfg = Release|Any CPU
		{BD7A3CF1-BAB1-4525-B898-881539A6AA34}.Release|iPhoneSimulator.Build.0 = Release|Any CPU
		{BD7A3CF1-BAB1-4525-B898-881539A6AA34}.Release|x64.ActiveCfg = Release|Any CPU
		{BD7A3CF1-BAB1-4525-B898-881539A6AA34}.Release|x64.Build.0 = Release|Any CPU
		{BD7A3CF1-BAB1-4525-B898-881539A6AA34}.Release|x86.ActiveCfg = Release|Any CPU
		{BD7A3CF1-BAB1-4525-B898-881539A6AA34}.Release|x86.Build.0 = Release|Any CPU
		{7F5E60AA-C3AE-4C1D-83EB-407A1CEF5303}.Ad-Hoc|Any CPU.ActiveCfg = Release|Any CPU
		{7F5E60AA-C3AE-4C1D-83EB-407A1CEF5303}.Ad-Hoc|Any CPU.Build.0 = Release|Any CPU
		{7F5E60AA-C3AE-4C1D-83EB-407A1CEF5303}.Ad-Hoc|ARM.ActiveCfg = Release|Any CPU
		{7F5E60AA-C3AE-4C1D-83EB-407A1CEF5303}.Ad-Hoc|ARM.Build.0 = Release|Any CPU
		{7F5E60AA-C3AE-4C1D-83EB-407A1CEF5303}.Ad-Hoc|iPhone.ActiveCfg = Release|Any CPU
		{7F5E60AA-C3AE-4C1D-83EB-407A1CEF5303}.Ad-Hoc|iPhone.Build.0 = Release|Any CPU
		{7F5E60AA-C3AE-4C1D-83EB-407A1CEF5303}.Ad-Hoc|iPhoneSimulator.ActiveCfg = Release|Any CPU
		{7F5E60AA-C3AE-4C1D-83EB-407A1CEF5303}.Ad-Hoc|iPhoneSimulator.Build.0 = Release|Any CPU
		{7F5E60AA-C3AE-4C1D-83EB-407A1CEF5303}.Ad-Hoc|x64.ActiveCfg = Release|Any CPU
		{7F5E60AA-C3AE-4C1D-83EB-407A1CEF5303}.Ad-Hoc|x64.Build.0 = Release|Any CPU
		{7F5E60AA-C3AE-4C1D-83EB-407A1CEF5303}.Ad-Hoc|x86.ActiveCfg = Release|Any CPU
		{7F5E60AA-C3AE-4C1D-83EB-407A1CEF5303}.Ad-Hoc|x86.Build.0 = Release|Any CPU
		{7F5E60AA-C3AE-4C1D-83EB-407A1CEF5303}.AppStore|Any CPU.ActiveCfg = Release|Any CPU
		{7F5E60AA-C3AE-4C1D-83EB-407A1CEF5303}.AppStore|Any CPU.Build.0 = Release|Any CPU
		{7F5E60AA-C3AE-4C1D-83EB-407A1CEF5303}.AppStore|ARM.ActiveCfg = Release|Any CPU
		{7F5E60AA-C3AE-4C1D-83EB-407A1CEF5303}.AppStore|ARM.Build.0 = Release|Any CPU
		{7F5E60AA-C3AE-4C1D-83EB-407A1CEF5303}.AppStore|iPhone.ActiveCfg = Release|Any CPU
		{7F5E60AA-C3AE-4C1D-83EB-407A1CEF5303}.AppStore|iPhone.Build.0 = Release|Any CPU
		{7F5E60AA-C3AE-4C1D-83EB-407A1CEF5303}.AppStore|iPhoneSimulator.ActiveCfg = Release|Any CPU
		{7F5E60AA-C3AE-4C1D-83EB-407A1CEF5303}.AppStore|iPhoneSimulator.Build.0 = Release|Any CPU
		{7F5E60AA-C3AE-4C1D-83EB-407A1CEF5303}.AppStore|x64.ActiveCfg = Release|Any CPU
		{7F5E60AA-C3AE-4C1D-83EB-407A1CEF5303}.AppStore|x64.Build.0 = Release|Any CPU
		{7F5E60AA-C3AE-4C1D-83EB-407A1CEF5303}.AppStore|x86.ActiveCfg = Release|Any CPU
		{7F5E60AA-C3AE-4C1D-83EB-407A1CEF5303}.AppStore|x86.Build.0 = Release|Any CPU
		{7F5E60AA-C3AE-4C1D-83EB-407A1CEF5303}.Debug|Any CPU.ActiveCfg = Debug|Any CPU
		{7F5E60AA-C3AE-4C1D-83EB-407A1CEF5303}.Debug|ARM.ActiveCfg = Debug|Any CPU
		{7F5E60AA-C3AE-4C1D-83EB-407A1CEF5303}.Debug|ARM.Build.0 = Debug|Any CPU
		{7F5E60AA-C3AE-4C1D-83EB-407A1CEF5303}.Debug|iPhone.ActiveCfg = Debug|Any CPU
		{7F5E60AA-C3AE-4C1D-83EB-407A1CEF5303}.Debug|iPhone.Build.0 = Debug|Any CPU
		{7F5E60AA-C3AE-4C1D-83EB-407A1CEF5303}.Debug|iPhoneSimulator.ActiveCfg = Debug|Any CPU
		{7F5E60AA-C3AE-4C1D-83EB-407A1CEF5303}.Debug|iPhoneSimulator.Build.0 = Debug|Any CPU
		{7F5E60AA-C3AE-4C1D-83EB-407A1CEF5303}.Debug|x64.ActiveCfg = Debug|Any CPU
		{7F5E60AA-C3AE-4C1D-83EB-407A1CEF5303}.Debug|x64.Build.0 = Debug|Any CPU
		{7F5E60AA-C3AE-4C1D-83EB-407A1CEF5303}.Debug|x86.ActiveCfg = Debug|Any CPU
		{7F5E60AA-C3AE-4C1D-83EB-407A1CEF5303}.Debug|x86.Build.0 = Debug|Any CPU
		{7F5E60AA-C3AE-4C1D-83EB-407A1CEF5303}.Release|Any CPU.ActiveCfg = Release|Any CPU
		{7F5E60AA-C3AE-4C1D-83EB-407A1CEF5303}.Release|Any CPU.Build.0 = Release|Any CPU
		{7F5E60AA-C3AE-4C1D-83EB-407A1CEF5303}.Release|ARM.ActiveCfg = Release|Any CPU
		{7F5E60AA-C3AE-4C1D-83EB-407A1CEF5303}.Release|ARM.Build.0 = Release|Any CPU
		{7F5E60AA-C3AE-4C1D-83EB-407A1CEF5303}.Release|iPhone.ActiveCfg = Release|Any CPU
		{7F5E60AA-C3AE-4C1D-83EB-407A1CEF5303}.Release|iPhone.Build.0 = Release|Any CPU
		{7F5E60AA-C3AE-4C1D-83EB-407A1CEF5303}.Release|iPhoneSimulator.ActiveCfg = Release|Any CPU
		{7F5E60AA-C3AE-4C1D-83EB-407A1CEF5303}.Release|iPhoneSimulator.Build.0 = Release|Any CPU
		{7F5E60AA-C3AE-4C1D-83EB-407A1CEF5303}.Release|x64.ActiveCfg = Release|Any CPU
		{7F5E60AA-C3AE-4C1D-83EB-407A1CEF5303}.Release|x64.Build.0 = Release|Any CPU
		{7F5E60AA-C3AE-4C1D-83EB-407A1CEF5303}.Release|x86.ActiveCfg = Release|Any CPU
		{7F5E60AA-C3AE-4C1D-83EB-407A1CEF5303}.Release|x86.Build.0 = Release|Any CPU
		{47410203-ED7B-467B-883C-9BAABCAE7581}.Ad-Hoc|Any CPU.ActiveCfg = Release|Any CPU
		{47410203-ED7B-467B-883C-9BAABCAE7581}.Ad-Hoc|Any CPU.Build.0 = Release|Any CPU
		{47410203-ED7B-467B-883C-9BAABCAE7581}.Ad-Hoc|ARM.ActiveCfg = Release|Any CPU
		{47410203-ED7B-467B-883C-9BAABCAE7581}.Ad-Hoc|ARM.Build.0 = Release|Any CPU
		{47410203-ED7B-467B-883C-9BAABCAE7581}.Ad-Hoc|iPhone.ActiveCfg = Release|Any CPU
		{47410203-ED7B-467B-883C-9BAABCAE7581}.Ad-Hoc|iPhone.Build.0 = Release|Any CPU
		{47410203-ED7B-467B-883C-9BAABCAE7581}.Ad-Hoc|iPhoneSimulator.ActiveCfg = Release|Any CPU
		{47410203-ED7B-467B-883C-9BAABCAE7581}.Ad-Hoc|iPhoneSimulator.Build.0 = Release|Any CPU
		{47410203-ED7B-467B-883C-9BAABCAE7581}.Ad-Hoc|x64.ActiveCfg = Release|Any CPU
		{47410203-ED7B-467B-883C-9BAABCAE7581}.Ad-Hoc|x64.Build.0 = Release|Any CPU
		{47410203-ED7B-467B-883C-9BAABCAE7581}.Ad-Hoc|x86.ActiveCfg = Release|Any CPU
		{47410203-ED7B-467B-883C-9BAABCAE7581}.Ad-Hoc|x86.Build.0 = Release|Any CPU
		{47410203-ED7B-467B-883C-9BAABCAE7581}.AppStore|Any CPU.ActiveCfg = Release|Any CPU
		{47410203-ED7B-467B-883C-9BAABCAE7581}.AppStore|Any CPU.Build.0 = Release|Any CPU
		{47410203-ED7B-467B-883C-9BAABCAE7581}.AppStore|ARM.ActiveCfg = Release|Any CPU
		{47410203-ED7B-467B-883C-9BAABCAE7581}.AppStore|ARM.Build.0 = Release|Any CPU
		{47410203-ED7B-467B-883C-9BAABCAE7581}.AppStore|iPhone.ActiveCfg = Release|Any CPU
		{47410203-ED7B-467B-883C-9BAABCAE7581}.AppStore|iPhone.Build.0 = Release|Any CPU
		{47410203-ED7B-467B-883C-9BAABCAE7581}.AppStore|iPhoneSimulator.ActiveCfg = Release|Any CPU
		{47410203-ED7B-467B-883C-9BAABCAE7581}.AppStore|iPhoneSimulator.Build.0 = Release|Any CPU
		{47410203-ED7B-467B-883C-9BAABCAE7581}.AppStore|x64.ActiveCfg = Release|Any CPU
		{47410203-ED7B-467B-883C-9BAABCAE7581}.AppStore|x64.Build.0 = Release|Any CPU
		{47410203-ED7B-467B-883C-9BAABCAE7581}.AppStore|x86.ActiveCfg = Release|Any CPU
		{47410203-ED7B-467B-883C-9BAABCAE7581}.AppStore|x86.Build.0 = Release|Any CPU
		{47410203-ED7B-467B-883C-9BAABCAE7581}.Debug|Any CPU.ActiveCfg = Debug|Any CPU
		{47410203-ED7B-467B-883C-9BAABCAE7581}.Debug|ARM.ActiveCfg = Debug|Any CPU
		{47410203-ED7B-467B-883C-9BAABCAE7581}.Debug|ARM.Build.0 = Debug|Any CPU
		{47410203-ED7B-467B-883C-9BAABCAE7581}.Debug|iPhone.ActiveCfg = Debug|Any CPU
		{47410203-ED7B-467B-883C-9BAABCAE7581}.Debug|iPhone.Build.0 = Debug|Any CPU
		{47410203-ED7B-467B-883C-9BAABCAE7581}.Debug|iPhoneSimulator.ActiveCfg = Debug|Any CPU
		{47410203-ED7B-467B-883C-9BAABCAE7581}.Debug|iPhoneSimulator.Build.0 = Debug|Any CPU
		{47410203-ED7B-467B-883C-9BAABCAE7581}.Debug|x64.ActiveCfg = Debug|Any CPU
		{47410203-ED7B-467B-883C-9BAABCAE7581}.Debug|x64.Build.0 = Debug|Any CPU
		{47410203-ED7B-467B-883C-9BAABCAE7581}.Debug|x86.ActiveCfg = Debug|Any CPU
		{47410203-ED7B-467B-883C-9BAABCAE7581}.Debug|x86.Build.0 = Debug|Any CPU
		{47410203-ED7B-467B-883C-9BAABCAE7581}.Release|Any CPU.ActiveCfg = Release|Any CPU
		{47410203-ED7B-467B-883C-9BAABCAE7581}.Release|Any CPU.Build.0 = Release|Any CPU
		{47410203-ED7B-467B-883C-9BAABCAE7581}.Release|ARM.ActiveCfg = Release|Any CPU
		{47410203-ED7B-467B-883C-9BAABCAE7581}.Release|ARM.Build.0 = Release|Any CPU
		{47410203-ED7B-467B-883C-9BAABCAE7581}.Release|iPhone.ActiveCfg = Release|Any CPU
		{47410203-ED7B-467B-883C-9BAABCAE7581}.Release|iPhone.Build.0 = Release|Any CPU
		{47410203-ED7B-467B-883C-9BAABCAE7581}.Release|iPhoneSimulator.ActiveCfg = Release|Any CPU
		{47410203-ED7B-467B-883C-9BAABCAE7581}.Release|iPhoneSimulator.Build.0 = Release|Any CPU
		{47410203-ED7B-467B-883C-9BAABCAE7581}.Release|x64.ActiveCfg = Release|Any CPU
		{47410203-ED7B-467B-883C-9BAABCAE7581}.Release|x64.Build.0 = Release|Any CPU
		{47410203-ED7B-467B-883C-9BAABCAE7581}.Release|x86.ActiveCfg = Release|Any CPU
		{47410203-ED7B-467B-883C-9BAABCAE7581}.Release|x86.Build.0 = Release|Any CPU
		{E2A2D8C0-0923-4AFD-B04E-1E0666EB0108}.Ad-Hoc|Any CPU.ActiveCfg = Release|Any CPU
		{E2A2D8C0-0923-4AFD-B04E-1E0666EB0108}.Ad-Hoc|Any CPU.Build.0 = Release|Any CPU
		{E2A2D8C0-0923-4AFD-B04E-1E0666EB0108}.Ad-Hoc|ARM.ActiveCfg = Release|Any CPU
		{E2A2D8C0-0923-4AFD-B04E-1E0666EB0108}.Ad-Hoc|ARM.Build.0 = Release|Any CPU
		{E2A2D8C0-0923-4AFD-B04E-1E0666EB0108}.Ad-Hoc|iPhone.ActiveCfg = Release|Any CPU
		{E2A2D8C0-0923-4AFD-B04E-1E0666EB0108}.Ad-Hoc|iPhone.Build.0 = Release|Any CPU
		{E2A2D8C0-0923-4AFD-B04E-1E0666EB0108}.Ad-Hoc|iPhoneSimulator.ActiveCfg = Release|Any CPU
		{E2A2D8C0-0923-4AFD-B04E-1E0666EB0108}.Ad-Hoc|iPhoneSimulator.Build.0 = Release|Any CPU
		{E2A2D8C0-0923-4AFD-B04E-1E0666EB0108}.Ad-Hoc|x64.ActiveCfg = Release|Any CPU
		{E2A2D8C0-0923-4AFD-B04E-1E0666EB0108}.Ad-Hoc|x64.Build.0 = Release|Any CPU
		{E2A2D8C0-0923-4AFD-B04E-1E0666EB0108}.Ad-Hoc|x86.ActiveCfg = Release|Any CPU
		{E2A2D8C0-0923-4AFD-B04E-1E0666EB0108}.Ad-Hoc|x86.Build.0 = Release|Any CPU
		{E2A2D8C0-0923-4AFD-B04E-1E0666EB0108}.AppStore|Any CPU.ActiveCfg = Release|Any CPU
		{E2A2D8C0-0923-4AFD-B04E-1E0666EB0108}.AppStore|Any CPU.Build.0 = Release|Any CPU
		{E2A2D8C0-0923-4AFD-B04E-1E0666EB0108}.AppStore|ARM.ActiveCfg = Release|Any CPU
		{E2A2D8C0-0923-4AFD-B04E-1E0666EB0108}.AppStore|ARM.Build.0 = Release|Any CPU
		{E2A2D8C0-0923-4AFD-B04E-1E0666EB0108}.AppStore|iPhone.ActiveCfg = Release|Any CPU
		{E2A2D8C0-0923-4AFD-B04E-1E0666EB0108}.AppStore|iPhone.Build.0 = Release|Any CPU
		{E2A2D8C0-0923-4AFD-B04E-1E0666EB0108}.AppStore|iPhoneSimulator.ActiveCfg = Release|Any CPU
		{E2A2D8C0-0923-4AFD-B04E-1E0666EB0108}.AppStore|iPhoneSimulator.Build.0 = Release|Any CPU
		{E2A2D8C0-0923-4AFD-B04E-1E0666EB0108}.AppStore|x64.ActiveCfg = Release|Any CPU
		{E2A2D8C0-0923-4AFD-B04E-1E0666EB0108}.AppStore|x64.Build.0 = Release|Any CPU
		{E2A2D8C0-0923-4AFD-B04E-1E0666EB0108}.AppStore|x86.ActiveCfg = Release|Any CPU
		{E2A2D8C0-0923-4AFD-B04E-1E0666EB0108}.AppStore|x86.Build.0 = Release|Any CPU
		{E2A2D8C0-0923-4AFD-B04E-1E0666EB0108}.Debug|Any CPU.ActiveCfg = Debug|Any CPU
		{E2A2D8C0-0923-4AFD-B04E-1E0666EB0108}.Debug|ARM.ActiveCfg = Debug|Any CPU
		{E2A2D8C0-0923-4AFD-B04E-1E0666EB0108}.Debug|ARM.Build.0 = Debug|Any CPU
		{E2A2D8C0-0923-4AFD-B04E-1E0666EB0108}.Debug|iPhone.ActiveCfg = Debug|Any CPU
		{E2A2D8C0-0923-4AFD-B04E-1E0666EB0108}.Debug|iPhone.Build.0 = Debug|Any CPU
		{E2A2D8C0-0923-4AFD-B04E-1E0666EB0108}.Debug|iPhoneSimulator.ActiveCfg = Debug|Any CPU
		{E2A2D8C0-0923-4AFD-B04E-1E0666EB0108}.Debug|iPhoneSimulator.Build.0 = Debug|Any CPU
		{E2A2D8C0-0923-4AFD-B04E-1E0666EB0108}.Debug|x64.ActiveCfg = Debug|Any CPU
		{E2A2D8C0-0923-4AFD-B04E-1E0666EB0108}.Debug|x64.Build.0 = Debug|Any CPU
		{E2A2D8C0-0923-4AFD-B04E-1E0666EB0108}.Debug|x86.ActiveCfg = Debug|Any CPU
		{E2A2D8C0-0923-4AFD-B04E-1E0666EB0108}.Debug|x86.Build.0 = Debug|Any CPU
		{E2A2D8C0-0923-4AFD-B04E-1E0666EB0108}.Release|Any CPU.ActiveCfg = Release|Any CPU
		{E2A2D8C0-0923-4AFD-B04E-1E0666EB0108}.Release|Any CPU.Build.0 = Release|Any CPU
		{E2A2D8C0-0923-4AFD-B04E-1E0666EB0108}.Release|ARM.ActiveCfg = Release|Any CPU
		{E2A2D8C0-0923-4AFD-B04E-1E0666EB0108}.Release|ARM.Build.0 = Release|Any CPU
		{E2A2D8C0-0923-4AFD-B04E-1E0666EB0108}.Release|iPhone.ActiveCfg = Release|Any CPU
		{E2A2D8C0-0923-4AFD-B04E-1E0666EB0108}.Release|iPhone.Build.0 = Release|Any CPU
		{E2A2D8C0-0923-4AFD-B04E-1E0666EB0108}.Release|iPhoneSimulator.ActiveCfg = Release|Any CPU
		{E2A2D8C0-0923-4AFD-B04E-1E0666EB0108}.Release|iPhoneSimulator.Build.0 = Release|Any CPU
		{E2A2D8C0-0923-4AFD-B04E-1E0666EB0108}.Release|x64.ActiveCfg = Release|Any CPU
		{E2A2D8C0-0923-4AFD-B04E-1E0666EB0108}.Release|x64.Build.0 = Release|Any CPU
		{E2A2D8C0-0923-4AFD-B04E-1E0666EB0108}.Release|x86.ActiveCfg = Release|Any CPU
		{E2A2D8C0-0923-4AFD-B04E-1E0666EB0108}.Release|x86.Build.0 = Release|Any CPU
		{27A22C25-A7A9-481D-8546-55493E9AA941}.Ad-Hoc|Any CPU.ActiveCfg = Release|Any CPU
		{27A22C25-A7A9-481D-8546-55493E9AA941}.Ad-Hoc|Any CPU.Build.0 = Release|Any CPU
		{27A22C25-A7A9-481D-8546-55493E9AA941}.Ad-Hoc|ARM.ActiveCfg = Release|Any CPU
		{27A22C25-A7A9-481D-8546-55493E9AA941}.Ad-Hoc|ARM.Build.0 = Release|Any CPU
		{27A22C25-A7A9-481D-8546-55493E9AA941}.Ad-Hoc|iPhone.ActiveCfg = Release|Any CPU
		{27A22C25-A7A9-481D-8546-55493E9AA941}.Ad-Hoc|iPhone.Build.0 = Release|Any CPU
		{27A22C25-A7A9-481D-8546-55493E9AA941}.Ad-Hoc|iPhoneSimulator.ActiveCfg = Release|Any CPU
		{27A22C25-A7A9-481D-8546-55493E9AA941}.Ad-Hoc|iPhoneSimulator.Build.0 = Release|Any CPU
		{27A22C25-A7A9-481D-8546-55493E9AA941}.Ad-Hoc|x64.ActiveCfg = Release|Any CPU
		{27A22C25-A7A9-481D-8546-55493E9AA941}.Ad-Hoc|x64.Build.0 = Release|Any CPU
		{27A22C25-A7A9-481D-8546-55493E9AA941}.Ad-Hoc|x86.ActiveCfg = Release|Any CPU
		{27A22C25-A7A9-481D-8546-55493E9AA941}.Ad-Hoc|x86.Build.0 = Release|Any CPU
		{27A22C25-A7A9-481D-8546-55493E9AA941}.AppStore|Any CPU.ActiveCfg = Release|Any CPU
		{27A22C25-A7A9-481D-8546-55493E9AA941}.AppStore|Any CPU.Build.0 = Release|Any CPU
		{27A22C25-A7A9-481D-8546-55493E9AA941}.AppStore|ARM.ActiveCfg = Release|Any CPU
		{27A22C25-A7A9-481D-8546-55493E9AA941}.AppStore|ARM.Build.0 = Release|Any CPU
		{27A22C25-A7A9-481D-8546-55493E9AA941}.AppStore|iPhone.ActiveCfg = Release|Any CPU
		{27A22C25-A7A9-481D-8546-55493E9AA941}.AppStore|iPhone.Build.0 = Release|Any CPU
		{27A22C25-A7A9-481D-8546-55493E9AA941}.AppStore|iPhoneSimulator.ActiveCfg = Release|Any CPU
		{27A22C25-A7A9-481D-8546-55493E9AA941}.AppStore|iPhoneSimulator.Build.0 = Release|Any CPU
		{27A22C25-A7A9-481D-8546-55493E9AA941}.AppStore|x64.ActiveCfg = Release|Any CPU
		{27A22C25-A7A9-481D-8546-55493E9AA941}.AppStore|x64.Build.0 = Release|Any CPU
		{27A22C25-A7A9-481D-8546-55493E9AA941}.AppStore|x86.ActiveCfg = Release|Any CPU
		{27A22C25-A7A9-481D-8546-55493E9AA941}.AppStore|x86.Build.0 = Release|Any CPU
		{27A22C25-A7A9-481D-8546-55493E9AA941}.Debug|Any CPU.ActiveCfg = Debug|Any CPU
		{27A22C25-A7A9-481D-8546-55493E9AA941}.Debug|ARM.ActiveCfg = Debug|Any CPU
		{27A22C25-A7A9-481D-8546-55493E9AA941}.Debug|ARM.Build.0 = Debug|Any CPU
		{27A22C25-A7A9-481D-8546-55493E9AA941}.Debug|iPhone.ActiveCfg = Debug|Any CPU
		{27A22C25-A7A9-481D-8546-55493E9AA941}.Debug|iPhone.Build.0 = Debug|Any CPU
		{27A22C25-A7A9-481D-8546-55493E9AA941}.Debug|iPhoneSimulator.ActiveCfg = Debug|Any CPU
		{27A22C25-A7A9-481D-8546-55493E9AA941}.Debug|iPhoneSimulator.Build.0 = Debug|Any CPU
		{27A22C25-A7A9-481D-8546-55493E9AA941}.Debug|x64.ActiveCfg = Debug|Any CPU
		{27A22C25-A7A9-481D-8546-55493E9AA941}.Debug|x64.Build.0 = Debug|Any CPU
		{27A22C25-A7A9-481D-8546-55493E9AA941}.Debug|x86.ActiveCfg = Debug|Any CPU
		{27A22C25-A7A9-481D-8546-55493E9AA941}.Debug|x86.Build.0 = Debug|Any CPU
		{27A22C25-A7A9-481D-8546-55493E9AA941}.Release|Any CPU.ActiveCfg = Release|Any CPU
		{27A22C25-A7A9-481D-8546-55493E9AA941}.Release|Any CPU.Build.0 = Release|Any CPU
		{27A22C25-A7A9-481D-8546-55493E9AA941}.Release|ARM.ActiveCfg = Release|Any CPU
		{27A22C25-A7A9-481D-8546-55493E9AA941}.Release|ARM.Build.0 = Release|Any CPU
		{27A22C25-A7A9-481D-8546-55493E9AA941}.Release|iPhone.ActiveCfg = Release|Any CPU
		{27A22C25-A7A9-481D-8546-55493E9AA941}.Release|iPhone.Build.0 = Release|Any CPU
		{27A22C25-A7A9-481D-8546-55493E9AA941}.Release|iPhoneSimulator.ActiveCfg = Release|Any CPU
		{27A22C25-A7A9-481D-8546-55493E9AA941}.Release|iPhoneSimulator.Build.0 = Release|Any CPU
		{27A22C25-A7A9-481D-8546-55493E9AA941}.Release|x64.ActiveCfg = Release|Any CPU
		{27A22C25-A7A9-481D-8546-55493E9AA941}.Release|x64.Build.0 = Release|Any CPU
		{27A22C25-A7A9-481D-8546-55493E9AA941}.Release|x86.ActiveCfg = Release|Any CPU
		{27A22C25-A7A9-481D-8546-55493E9AA941}.Release|x86.Build.0 = Release|Any CPU
		{97B6C7EC-4DB7-4F1A-B37F-32A8BA41F041}.Ad-Hoc|Any CPU.ActiveCfg = Release|Any CPU
		{97B6C7EC-4DB7-4F1A-B37F-32A8BA41F041}.Ad-Hoc|Any CPU.Build.0 = Release|Any CPU
		{97B6C7EC-4DB7-4F1A-B37F-32A8BA41F041}.Ad-Hoc|ARM.ActiveCfg = Release|Any CPU
		{97B6C7EC-4DB7-4F1A-B37F-32A8BA41F041}.Ad-Hoc|ARM.Build.0 = Release|Any CPU
		{97B6C7EC-4DB7-4F1A-B37F-32A8BA41F041}.Ad-Hoc|iPhone.ActiveCfg = Release|Any CPU
		{97B6C7EC-4DB7-4F1A-B37F-32A8BA41F041}.Ad-Hoc|iPhone.Build.0 = Release|Any CPU
		{97B6C7EC-4DB7-4F1A-B37F-32A8BA41F041}.Ad-Hoc|iPhoneSimulator.ActiveCfg = Release|Any CPU
		{97B6C7EC-4DB7-4F1A-B37F-32A8BA41F041}.Ad-Hoc|iPhoneSimulator.Build.0 = Release|Any CPU
		{97B6C7EC-4DB7-4F1A-B37F-32A8BA41F041}.Ad-Hoc|x64.ActiveCfg = Release|Any CPU
		{97B6C7EC-4DB7-4F1A-B37F-32A8BA41F041}.Ad-Hoc|x64.Build.0 = Release|Any CPU
		{97B6C7EC-4DB7-4F1A-B37F-32A8BA41F041}.Ad-Hoc|x86.ActiveCfg = Release|Any CPU
		{97B6C7EC-4DB7-4F1A-B37F-32A8BA41F041}.Ad-Hoc|x86.Build.0 = Release|Any CPU
		{97B6C7EC-4DB7-4F1A-B37F-32A8BA41F041}.AppStore|Any CPU.ActiveCfg = Release|Any CPU
		{97B6C7EC-4DB7-4F1A-B37F-32A8BA41F041}.AppStore|Any CPU.Build.0 = Release|Any CPU
		{97B6C7EC-4DB7-4F1A-B37F-32A8BA41F041}.AppStore|ARM.ActiveCfg = Release|Any CPU
		{97B6C7EC-4DB7-4F1A-B37F-32A8BA41F041}.AppStore|ARM.Build.0 = Release|Any CPU
		{97B6C7EC-4DB7-4F1A-B37F-32A8BA41F041}.AppStore|iPhone.ActiveCfg = Release|Any CPU
		{97B6C7EC-4DB7-4F1A-B37F-32A8BA41F041}.AppStore|iPhone.Build.0 = Release|Any CPU
		{97B6C7EC-4DB7-4F1A-B37F-32A8BA41F041}.AppStore|iPhoneSimulator.ActiveCfg = Release|Any CPU
		{97B6C7EC-4DB7-4F1A-B37F-32A8BA41F041}.AppStore|iPhoneSimulator.Build.0 = Release|Any CPU
		{97B6C7EC-4DB7-4F1A-B37F-32A8BA41F041}.AppStore|x64.ActiveCfg = Release|Any CPU
		{97B6C7EC-4DB7-4F1A-B37F-32A8BA41F041}.AppStore|x64.Build.0 = Release|Any CPU
		{97B6C7EC-4DB7-4F1A-B37F-32A8BA41F041}.AppStore|x86.ActiveCfg = Release|Any CPU
		{97B6C7EC-4DB7-4F1A-B37F-32A8BA41F041}.AppStore|x86.Build.0 = Release|Any CPU
		{97B6C7EC-4DB7-4F1A-B37F-32A8BA41F041}.Debug|Any CPU.ActiveCfg = Debug|Any CPU
		{97B6C7EC-4DB7-4F1A-B37F-32A8BA41F041}.Debug|ARM.ActiveCfg = Debug|Any CPU
		{97B6C7EC-4DB7-4F1A-B37F-32A8BA41F041}.Debug|ARM.Build.0 = Debug|Any CPU
		{97B6C7EC-4DB7-4F1A-B37F-32A8BA41F041}.Debug|iPhone.ActiveCfg = Debug|Any CPU
		{97B6C7EC-4DB7-4F1A-B37F-32A8BA41F041}.Debug|iPhone.Build.0 = Debug|Any CPU
		{97B6C7EC-4DB7-4F1A-B37F-32A8BA41F041}.Debug|iPhoneSimulator.ActiveCfg = Debug|Any CPU
		{97B6C7EC-4DB7-4F1A-B37F-32A8BA41F041}.Debug|iPhoneSimulator.Build.0 = Debug|Any CPU
		{97B6C7EC-4DB7-4F1A-B37F-32A8BA41F041}.Debug|x64.ActiveCfg = Debug|Any CPU
		{97B6C7EC-4DB7-4F1A-B37F-32A8BA41F041}.Debug|x64.Build.0 = Debug|Any CPU
		{97B6C7EC-4DB7-4F1A-B37F-32A8BA41F041}.Debug|x86.ActiveCfg = Debug|Any CPU
		{97B6C7EC-4DB7-4F1A-B37F-32A8BA41F041}.Debug|x86.Build.0 = Debug|Any CPU
		{97B6C7EC-4DB7-4F1A-B37F-32A8BA41F041}.Release|Any CPU.ActiveCfg = Release|Any CPU
		{97B6C7EC-4DB7-4F1A-B37F-32A8BA41F041}.Release|Any CPU.Build.0 = Release|Any CPU
		{97B6C7EC-4DB7-4F1A-B37F-32A8BA41F041}.Release|ARM.ActiveCfg = Release|Any CPU
		{97B6C7EC-4DB7-4F1A-B37F-32A8BA41F041}.Release|ARM.Build.0 = Release|Any CPU
		{97B6C7EC-4DB7-4F1A-B37F-32A8BA41F041}.Release|iPhone.ActiveCfg = Release|Any CPU
		{97B6C7EC-4DB7-4F1A-B37F-32A8BA41F041}.Release|iPhone.Build.0 = Release|Any CPU
		{97B6C7EC-4DB7-4F1A-B37F-32A8BA41F041}.Release|iPhoneSimulator.ActiveCfg = Release|Any CPU
		{97B6C7EC-4DB7-4F1A-B37F-32A8BA41F041}.Release|iPhoneSimulator.Build.0 = Release|Any CPU
		{97B6C7EC-4DB7-4F1A-B37F-32A8BA41F041}.Release|x64.ActiveCfg = Release|Any CPU
		{97B6C7EC-4DB7-4F1A-B37F-32A8BA41F041}.Release|x64.Build.0 = Release|Any CPU
		{97B6C7EC-4DB7-4F1A-B37F-32A8BA41F041}.Release|x86.ActiveCfg = Release|Any CPU
		{97B6C7EC-4DB7-4F1A-B37F-32A8BA41F041}.Release|x86.Build.0 = Release|Any CPU
		{29481AC1-E64C-4E3D-A3C9-BBE5427E364F}.Ad-Hoc|Any CPU.ActiveCfg = Release|Any CPU
		{29481AC1-E64C-4E3D-A3C9-BBE5427E364F}.Ad-Hoc|Any CPU.Build.0 = Release|Any CPU
		{29481AC1-E64C-4E3D-A3C9-BBE5427E364F}.Ad-Hoc|ARM.ActiveCfg = Release|Any CPU
		{29481AC1-E64C-4E3D-A3C9-BBE5427E364F}.Ad-Hoc|ARM.Build.0 = Release|Any CPU
		{29481AC1-E64C-4E3D-A3C9-BBE5427E364F}.Ad-Hoc|iPhone.ActiveCfg = Release|Any CPU
		{29481AC1-E64C-4E3D-A3C9-BBE5427E364F}.Ad-Hoc|iPhone.Build.0 = Release|Any CPU
		{29481AC1-E64C-4E3D-A3C9-BBE5427E364F}.Ad-Hoc|iPhoneSimulator.ActiveCfg = Release|Any CPU
		{29481AC1-E64C-4E3D-A3C9-BBE5427E364F}.Ad-Hoc|iPhoneSimulator.Build.0 = Release|Any CPU
		{29481AC1-E64C-4E3D-A3C9-BBE5427E364F}.Ad-Hoc|x64.ActiveCfg = Release|Any CPU
		{29481AC1-E64C-4E3D-A3C9-BBE5427E364F}.Ad-Hoc|x64.Build.0 = Release|Any CPU
		{29481AC1-E64C-4E3D-A3C9-BBE5427E364F}.Ad-Hoc|x86.ActiveCfg = Release|Any CPU
		{29481AC1-E64C-4E3D-A3C9-BBE5427E364F}.Ad-Hoc|x86.Build.0 = Release|Any CPU
		{29481AC1-E64C-4E3D-A3C9-BBE5427E364F}.AppStore|Any CPU.ActiveCfg = Release|Any CPU
		{29481AC1-E64C-4E3D-A3C9-BBE5427E364F}.AppStore|Any CPU.Build.0 = Release|Any CPU
		{29481AC1-E64C-4E3D-A3C9-BBE5427E364F}.AppStore|ARM.ActiveCfg = Release|Any CPU
		{29481AC1-E64C-4E3D-A3C9-BBE5427E364F}.AppStore|ARM.Build.0 = Release|Any CPU
		{29481AC1-E64C-4E3D-A3C9-BBE5427E364F}.AppStore|iPhone.ActiveCfg = Release|Any CPU
		{29481AC1-E64C-4E3D-A3C9-BBE5427E364F}.AppStore|iPhone.Build.0 = Release|Any CPU
		{29481AC1-E64C-4E3D-A3C9-BBE5427E364F}.AppStore|iPhoneSimulator.ActiveCfg = Release|Any CPU
		{29481AC1-E64C-4E3D-A3C9-BBE5427E364F}.AppStore|iPhoneSimulator.Build.0 = Release|Any CPU
		{29481AC1-E64C-4E3D-A3C9-BBE5427E364F}.AppStore|x64.ActiveCfg = Release|Any CPU
		{29481AC1-E64C-4E3D-A3C9-BBE5427E364F}.AppStore|x64.Build.0 = Release|Any CPU
		{29481AC1-E64C-4E3D-A3C9-BBE5427E364F}.AppStore|x86.ActiveCfg = Release|Any CPU
		{29481AC1-E64C-4E3D-A3C9-BBE5427E364F}.AppStore|x86.Build.0 = Release|Any CPU
		{29481AC1-E64C-4E3D-A3C9-BBE5427E364F}.Debug|Any CPU.ActiveCfg = Debug|Any CPU
		{29481AC1-E64C-4E3D-A3C9-BBE5427E364F}.Debug|Any CPU.Build.0 = Debug|Any CPU
		{29481AC1-E64C-4E3D-A3C9-BBE5427E364F}.Debug|ARM.ActiveCfg = Debug|Any CPU
		{29481AC1-E64C-4E3D-A3C9-BBE5427E364F}.Debug|ARM.Build.0 = Debug|Any CPU
		{29481AC1-E64C-4E3D-A3C9-BBE5427E364F}.Debug|iPhone.ActiveCfg = Debug|Any CPU
		{29481AC1-E64C-4E3D-A3C9-BBE5427E364F}.Debug|iPhone.Build.0 = Debug|Any CPU
		{29481AC1-E64C-4E3D-A3C9-BBE5427E364F}.Debug|iPhoneSimulator.ActiveCfg = Debug|Any CPU
		{29481AC1-E64C-4E3D-A3C9-BBE5427E364F}.Debug|iPhoneSimulator.Build.0 = Debug|Any CPU
		{29481AC1-E64C-4E3D-A3C9-BBE5427E364F}.Debug|x64.ActiveCfg = Debug|Any CPU
		{29481AC1-E64C-4E3D-A3C9-BBE5427E364F}.Debug|x64.Build.0 = Debug|Any CPU
		{29481AC1-E64C-4E3D-A3C9-BBE5427E364F}.Debug|x86.ActiveCfg = Debug|Any CPU
		{29481AC1-E64C-4E3D-A3C9-BBE5427E364F}.Debug|x86.Build.0 = Debug|Any CPU
		{29481AC1-E64C-4E3D-A3C9-BBE5427E364F}.Release|Any CPU.ActiveCfg = Release|Any CPU
		{29481AC1-E64C-4E3D-A3C9-BBE5427E364F}.Release|Any CPU.Build.0 = Release|Any CPU
		{29481AC1-E64C-4E3D-A3C9-BBE5427E364F}.Release|ARM.ActiveCfg = Release|Any CPU
		{29481AC1-E64C-4E3D-A3C9-BBE5427E364F}.Release|ARM.Build.0 = Release|Any CPU
		{29481AC1-E64C-4E3D-A3C9-BBE5427E364F}.Release|iPhone.ActiveCfg = Release|Any CPU
		{29481AC1-E64C-4E3D-A3C9-BBE5427E364F}.Release|iPhone.Build.0 = Release|Any CPU
		{29481AC1-E64C-4E3D-A3C9-BBE5427E364F}.Release|iPhoneSimulator.ActiveCfg = Release|Any CPU
		{29481AC1-E64C-4E3D-A3C9-BBE5427E364F}.Release|iPhoneSimulator.Build.0 = Release|Any CPU
		{29481AC1-E64C-4E3D-A3C9-BBE5427E364F}.Release|x64.ActiveCfg = Release|Any CPU
		{29481AC1-E64C-4E3D-A3C9-BBE5427E364F}.Release|x64.Build.0 = Release|Any CPU
		{29481AC1-E64C-4E3D-A3C9-BBE5427E364F}.Release|x86.ActiveCfg = Release|Any CPU
		{29481AC1-E64C-4E3D-A3C9-BBE5427E364F}.Release|x86.Build.0 = Release|Any CPU
		{D62C5112-E253-497A-8640-1CB651FB47A6}.Ad-Hoc|Any CPU.ActiveCfg = Ad-Hoc|iPhone
		{D62C5112-E253-497A-8640-1CB651FB47A6}.Ad-Hoc|ARM.ActiveCfg = Ad-Hoc|iPhone
		{D62C5112-E253-497A-8640-1CB651FB47A6}.Ad-Hoc|iPhone.ActiveCfg = Ad-Hoc|iPhone
		{D62C5112-E253-497A-8640-1CB651FB47A6}.Ad-Hoc|iPhone.Build.0 = Ad-Hoc|iPhone
		{D62C5112-E253-497A-8640-1CB651FB47A6}.Ad-Hoc|iPhoneSimulator.ActiveCfg = Ad-Hoc|iPhoneSimulator
		{D62C5112-E253-497A-8640-1CB651FB47A6}.Ad-Hoc|iPhoneSimulator.Build.0 = Ad-Hoc|iPhoneSimulator
		{D62C5112-E253-497A-8640-1CB651FB47A6}.Ad-Hoc|x64.ActiveCfg = Ad-Hoc|iPhone
		{D62C5112-E253-497A-8640-1CB651FB47A6}.Ad-Hoc|x86.ActiveCfg = Ad-Hoc|iPhone
		{D62C5112-E253-497A-8640-1CB651FB47A6}.AppStore|Any CPU.ActiveCfg = AppStore|iPhone
		{D62C5112-E253-497A-8640-1CB651FB47A6}.AppStore|ARM.ActiveCfg = AppStore|iPhone
		{D62C5112-E253-497A-8640-1CB651FB47A6}.AppStore|iPhone.ActiveCfg = AppStore|iPhone
		{D62C5112-E253-497A-8640-1CB651FB47A6}.AppStore|iPhone.Build.0 = AppStore|iPhone
		{D62C5112-E253-497A-8640-1CB651FB47A6}.AppStore|iPhoneSimulator.ActiveCfg = AppStore|iPhoneSimulator
		{D62C5112-E253-497A-8640-1CB651FB47A6}.AppStore|iPhoneSimulator.Build.0 = AppStore|iPhoneSimulator
		{D62C5112-E253-497A-8640-1CB651FB47A6}.AppStore|x64.ActiveCfg = AppStore|iPhone
		{D62C5112-E253-497A-8640-1CB651FB47A6}.AppStore|x86.ActiveCfg = AppStore|iPhone
		{D62C5112-E253-497A-8640-1CB651FB47A6}.Debug|Any CPU.ActiveCfg = Debug|iPhone
		{D62C5112-E253-497A-8640-1CB651FB47A6}.Debug|ARM.ActiveCfg = Debug|iPhone
		{D62C5112-E253-497A-8640-1CB651FB47A6}.Debug|iPhone.ActiveCfg = Debug|iPhone
		{D62C5112-E253-497A-8640-1CB651FB47A6}.Debug|iPhone.Build.0 = Debug|iPhone
		{D62C5112-E253-497A-8640-1CB651FB47A6}.Debug|iPhoneSimulator.ActiveCfg = Debug|iPhoneSimulator
		{D62C5112-E253-497A-8640-1CB651FB47A6}.Debug|iPhoneSimulator.Build.0 = Debug|iPhoneSimulator
		{D62C5112-E253-497A-8640-1CB651FB47A6}.Debug|x64.ActiveCfg = Debug|iPhone
		{D62C5112-E253-497A-8640-1CB651FB47A6}.Debug|x86.ActiveCfg = Debug|iPhone
		{D62C5112-E253-497A-8640-1CB651FB47A6}.Release|Any CPU.ActiveCfg = Release|iPhone
		{D62C5112-E253-497A-8640-1CB651FB47A6}.Release|ARM.ActiveCfg = Release|iPhone
		{D62C5112-E253-497A-8640-1CB651FB47A6}.Release|iPhone.ActiveCfg = Release|iPhone
		{D62C5112-E253-497A-8640-1CB651FB47A6}.Release|iPhone.Build.0 = Release|iPhone
		{D62C5112-E253-497A-8640-1CB651FB47A6}.Release|iPhoneSimulator.ActiveCfg = Release|iPhoneSimulator
		{D62C5112-E253-497A-8640-1CB651FB47A6}.Release|iPhoneSimulator.Build.0 = Release|iPhoneSimulator
		{D62C5112-E253-497A-8640-1CB651FB47A6}.Release|x64.ActiveCfg = Release|iPhone
		{D62C5112-E253-497A-8640-1CB651FB47A6}.Release|x86.ActiveCfg = Release|iPhone
		{C0063622-7547-4D97-8153-29BED5CD329B}.Ad-Hoc|Any CPU.ActiveCfg = Release|x86
		{C0063622-7547-4D97-8153-29BED5CD329B}.Ad-Hoc|Any CPU.Build.0 = Release|x86
		{C0063622-7547-4D97-8153-29BED5CD329B}.Ad-Hoc|Any CPU.Deploy.0 = Release|x86
		{C0063622-7547-4D97-8153-29BED5CD329B}.Ad-Hoc|ARM.ActiveCfg = Release|ARM
		{C0063622-7547-4D97-8153-29BED5CD329B}.Ad-Hoc|ARM.Build.0 = Release|ARM
		{C0063622-7547-4D97-8153-29BED5CD329B}.Ad-Hoc|ARM.Deploy.0 = Release|ARM
		{C0063622-7547-4D97-8153-29BED5CD329B}.Ad-Hoc|iPhone.ActiveCfg = Release|x86
		{C0063622-7547-4D97-8153-29BED5CD329B}.Ad-Hoc|iPhone.Build.0 = Release|x86
		{C0063622-7547-4D97-8153-29BED5CD329B}.Ad-Hoc|iPhone.Deploy.0 = Release|x86
		{C0063622-7547-4D97-8153-29BED5CD329B}.Ad-Hoc|iPhoneSimulator.ActiveCfg = Release|x86
		{C0063622-7547-4D97-8153-29BED5CD329B}.Ad-Hoc|iPhoneSimulator.Build.0 = Release|x86
		{C0063622-7547-4D97-8153-29BED5CD329B}.Ad-Hoc|iPhoneSimulator.Deploy.0 = Release|x86
		{C0063622-7547-4D97-8153-29BED5CD329B}.Ad-Hoc|x64.ActiveCfg = Release|x64
		{C0063622-7547-4D97-8153-29BED5CD329B}.Ad-Hoc|x64.Build.0 = Release|x64
		{C0063622-7547-4D97-8153-29BED5CD329B}.Ad-Hoc|x64.Deploy.0 = Release|x64
		{C0063622-7547-4D97-8153-29BED5CD329B}.Ad-Hoc|x86.ActiveCfg = Release|x86
		{C0063622-7547-4D97-8153-29BED5CD329B}.Ad-Hoc|x86.Build.0 = Release|x86
		{C0063622-7547-4D97-8153-29BED5CD329B}.Ad-Hoc|x86.Deploy.0 = Release|x86
		{C0063622-7547-4D97-8153-29BED5CD329B}.AppStore|Any CPU.ActiveCfg = Release|x86
		{C0063622-7547-4D97-8153-29BED5CD329B}.AppStore|Any CPU.Build.0 = Release|x86
		{C0063622-7547-4D97-8153-29BED5CD329B}.AppStore|Any CPU.Deploy.0 = Release|x86
		{C0063622-7547-4D97-8153-29BED5CD329B}.AppStore|ARM.ActiveCfg = Release|ARM
		{C0063622-7547-4D97-8153-29BED5CD329B}.AppStore|ARM.Build.0 = Release|ARM
		{C0063622-7547-4D97-8153-29BED5CD329B}.AppStore|ARM.Deploy.0 = Release|ARM
		{C0063622-7547-4D97-8153-29BED5CD329B}.AppStore|iPhone.ActiveCfg = Release|x86
		{C0063622-7547-4D97-8153-29BED5CD329B}.AppStore|iPhone.Build.0 = Release|x86
		{C0063622-7547-4D97-8153-29BED5CD329B}.AppStore|iPhone.Deploy.0 = Release|x86
		{C0063622-7547-4D97-8153-29BED5CD329B}.AppStore|iPhoneSimulator.ActiveCfg = Release|x86
		{C0063622-7547-4D97-8153-29BED5CD329B}.AppStore|iPhoneSimulator.Build.0 = Release|x86
		{C0063622-7547-4D97-8153-29BED5CD329B}.AppStore|iPhoneSimulator.Deploy.0 = Release|x86
		{C0063622-7547-4D97-8153-29BED5CD329B}.AppStore|x64.ActiveCfg = Release|x64
		{C0063622-7547-4D97-8153-29BED5CD329B}.AppStore|x64.Build.0 = Release|x64
		{C0063622-7547-4D97-8153-29BED5CD329B}.AppStore|x64.Deploy.0 = Release|x64
		{C0063622-7547-4D97-8153-29BED5CD329B}.AppStore|x86.ActiveCfg = Release|x86
		{C0063622-7547-4D97-8153-29BED5CD329B}.AppStore|x86.Build.0 = Release|x86
		{C0063622-7547-4D97-8153-29BED5CD329B}.AppStore|x86.Deploy.0 = Release|x86
		{C0063622-7547-4D97-8153-29BED5CD329B}.Debug|Any CPU.ActiveCfg = Debug|x86
		{C0063622-7547-4D97-8153-29BED5CD329B}.Debug|ARM.ActiveCfg = Debug|ARM
		{C0063622-7547-4D97-8153-29BED5CD329B}.Debug|ARM.Build.0 = Debug|ARM
		{C0063622-7547-4D97-8153-29BED5CD329B}.Debug|ARM.Deploy.0 = Debug|ARM
		{C0063622-7547-4D97-8153-29BED5CD329B}.Debug|iPhone.ActiveCfg = Debug|x86
		{C0063622-7547-4D97-8153-29BED5CD329B}.Debug|iPhoneSimulator.ActiveCfg = Debug|x86
		{C0063622-7547-4D97-8153-29BED5CD329B}.Debug|x64.ActiveCfg = Debug|x64
		{C0063622-7547-4D97-8153-29BED5CD329B}.Debug|x64.Build.0 = Debug|x64
		{C0063622-7547-4D97-8153-29BED5CD329B}.Debug|x64.Deploy.0 = Debug|x64
		{C0063622-7547-4D97-8153-29BED5CD329B}.Debug|x86.ActiveCfg = Debug|x86
		{C0063622-7547-4D97-8153-29BED5CD329B}.Debug|x86.Build.0 = Debug|x86
		{C0063622-7547-4D97-8153-29BED5CD329B}.Debug|x86.Deploy.0 = Debug|x86
		{C0063622-7547-4D97-8153-29BED5CD329B}.Release|Any CPU.ActiveCfg = Release|x86
		{C0063622-7547-4D97-8153-29BED5CD329B}.Release|ARM.ActiveCfg = Release|ARM
		{C0063622-7547-4D97-8153-29BED5CD329B}.Release|ARM.Build.0 = Release|ARM
		{C0063622-7547-4D97-8153-29BED5CD329B}.Release|ARM.Deploy.0 = Release|ARM
		{C0063622-7547-4D97-8153-29BED5CD329B}.Release|iPhone.ActiveCfg = Release|x86
		{C0063622-7547-4D97-8153-29BED5CD329B}.Release|iPhoneSimulator.ActiveCfg = Release|x86
		{C0063622-7547-4D97-8153-29BED5CD329B}.Release|x64.ActiveCfg = Release|x64
		{C0063622-7547-4D97-8153-29BED5CD329B}.Release|x64.Build.0 = Release|x64
		{C0063622-7547-4D97-8153-29BED5CD329B}.Release|x64.Deploy.0 = Release|x64
		{C0063622-7547-4D97-8153-29BED5CD329B}.Release|x86.ActiveCfg = Release|x86
		{C0063622-7547-4D97-8153-29BED5CD329B}.Release|x86.Build.0 = Release|x86
		{C0063622-7547-4D97-8153-29BED5CD329B}.Release|x86.Deploy.0 = Release|x86
		{20DA9B74-B4C3-4D47-AE8F-EB4C29BA95D9}.Ad-Hoc|Any CPU.ActiveCfg = Release|Any CPU
		{20DA9B74-B4C3-4D47-AE8F-EB4C29BA95D9}.Ad-Hoc|Any CPU.Build.0 = Release|Any CPU
		{20DA9B74-B4C3-4D47-AE8F-EB4C29BA95D9}.Ad-Hoc|Any CPU.Deploy.0 = Release|Any CPU
		{20DA9B74-B4C3-4D47-AE8F-EB4C29BA95D9}.Ad-Hoc|ARM.ActiveCfg = Release|Any CPU
		{20DA9B74-B4C3-4D47-AE8F-EB4C29BA95D9}.Ad-Hoc|ARM.Build.0 = Release|Any CPU
		{20DA9B74-B4C3-4D47-AE8F-EB4C29BA95D9}.Ad-Hoc|ARM.Deploy.0 = Release|Any CPU
		{20DA9B74-B4C3-4D47-AE8F-EB4C29BA95D9}.Ad-Hoc|iPhone.ActiveCfg = Release|Any CPU
		{20DA9B74-B4C3-4D47-AE8F-EB4C29BA95D9}.Ad-Hoc|iPhone.Build.0 = Release|Any CPU
		{20DA9B74-B4C3-4D47-AE8F-EB4C29BA95D9}.Ad-Hoc|iPhone.Deploy.0 = Release|Any CPU
		{20DA9B74-B4C3-4D47-AE8F-EB4C29BA95D9}.Ad-Hoc|iPhoneSimulator.ActiveCfg = Release|Any CPU
		{20DA9B74-B4C3-4D47-AE8F-EB4C29BA95D9}.Ad-Hoc|iPhoneSimulator.Build.0 = Release|Any CPU
		{20DA9B74-B4C3-4D47-AE8F-EB4C29BA95D9}.Ad-Hoc|iPhoneSimulator.Deploy.0 = Release|Any CPU
		{20DA9B74-B4C3-4D47-AE8F-EB4C29BA95D9}.Ad-Hoc|x64.ActiveCfg = Release|Any CPU
		{20DA9B74-B4C3-4D47-AE8F-EB4C29BA95D9}.Ad-Hoc|x64.Build.0 = Release|Any CPU
		{20DA9B74-B4C3-4D47-AE8F-EB4C29BA95D9}.Ad-Hoc|x64.Deploy.0 = Release|Any CPU
		{20DA9B74-B4C3-4D47-AE8F-EB4C29BA95D9}.Ad-Hoc|x86.ActiveCfg = Release|Any CPU
		{20DA9B74-B4C3-4D47-AE8F-EB4C29BA95D9}.Ad-Hoc|x86.Build.0 = Release|Any CPU
		{20DA9B74-B4C3-4D47-AE8F-EB4C29BA95D9}.Ad-Hoc|x86.Deploy.0 = Release|Any CPU
		{20DA9B74-B4C3-4D47-AE8F-EB4C29BA95D9}.AppStore|Any CPU.ActiveCfg = Release|Any CPU
		{20DA9B74-B4C3-4D47-AE8F-EB4C29BA95D9}.AppStore|Any CPU.Build.0 = Release|Any CPU
		{20DA9B74-B4C3-4D47-AE8F-EB4C29BA95D9}.AppStore|Any CPU.Deploy.0 = Release|Any CPU
		{20DA9B74-B4C3-4D47-AE8F-EB4C29BA95D9}.AppStore|ARM.ActiveCfg = Release|Any CPU
		{20DA9B74-B4C3-4D47-AE8F-EB4C29BA95D9}.AppStore|ARM.Build.0 = Release|Any CPU
		{20DA9B74-B4C3-4D47-AE8F-EB4C29BA95D9}.AppStore|ARM.Deploy.0 = Release|Any CPU
		{20DA9B74-B4C3-4D47-AE8F-EB4C29BA95D9}.AppStore|iPhone.ActiveCfg = Release|Any CPU
		{20DA9B74-B4C3-4D47-AE8F-EB4C29BA95D9}.AppStore|iPhone.Build.0 = Release|Any CPU
		{20DA9B74-B4C3-4D47-AE8F-EB4C29BA95D9}.AppStore|iPhone.Deploy.0 = Release|Any CPU
		{20DA9B74-B4C3-4D47-AE8F-EB4C29BA95D9}.AppStore|iPhoneSimulator.ActiveCfg = Release|Any CPU
		{20DA9B74-B4C3-4D47-AE8F-EB4C29BA95D9}.AppStore|iPhoneSimulator.Build.0 = Release|Any CPU
		{20DA9B74-B4C3-4D47-AE8F-EB4C29BA95D9}.AppStore|iPhoneSimulator.Deploy.0 = Release|Any CPU
		{20DA9B74-B4C3-4D47-AE8F-EB4C29BA95D9}.AppStore|x64.ActiveCfg = Release|Any CPU
		{20DA9B74-B4C3-4D47-AE8F-EB4C29BA95D9}.AppStore|x64.Build.0 = Release|Any CPU
		{20DA9B74-B4C3-4D47-AE8F-EB4C29BA95D9}.AppStore|x64.Deploy.0 = Release|Any CPU
		{20DA9B74-B4C3-4D47-AE8F-EB4C29BA95D9}.AppStore|x86.ActiveCfg = Release|Any CPU
		{20DA9B74-B4C3-4D47-AE8F-EB4C29BA95D9}.AppStore|x86.Build.0 = Release|Any CPU
		{20DA9B74-B4C3-4D47-AE8F-EB4C29BA95D9}.AppStore|x86.Deploy.0 = Release|Any CPU
		{20DA9B74-B4C3-4D47-AE8F-EB4C29BA95D9}.Debug|Any CPU.ActiveCfg = Debug|Any CPU
		{20DA9B74-B4C3-4D47-AE8F-EB4C29BA95D9}.Debug|Any CPU.Build.0 = Debug|Any CPU
		{20DA9B74-B4C3-4D47-AE8F-EB4C29BA95D9}.Debug|Any CPU.Deploy.0 = Debug|Any CPU
		{20DA9B74-B4C3-4D47-AE8F-EB4C29BA95D9}.Debug|ARM.ActiveCfg = Debug|Any CPU
		{20DA9B74-B4C3-4D47-AE8F-EB4C29BA95D9}.Debug|ARM.Build.0 = Debug|Any CPU
		{20DA9B74-B4C3-4D47-AE8F-EB4C29BA95D9}.Debug|ARM.Deploy.0 = Debug|Any CPU
		{20DA9B74-B4C3-4D47-AE8F-EB4C29BA95D9}.Debug|iPhone.ActiveCfg = Debug|Any CPU
		{20DA9B74-B4C3-4D47-AE8F-EB4C29BA95D9}.Debug|iPhone.Build.0 = Debug|Any CPU
		{20DA9B74-B4C3-4D47-AE8F-EB4C29BA95D9}.Debug|iPhone.Deploy.0 = Debug|Any CPU
		{20DA9B74-B4C3-4D47-AE8F-EB4C29BA95D9}.Debug|iPhoneSimulator.ActiveCfg = Debug|Any CPU
		{20DA9B74-B4C3-4D47-AE8F-EB4C29BA95D9}.Debug|iPhoneSimulator.Build.0 = Debug|Any CPU
		{20DA9B74-B4C3-4D47-AE8F-EB4C29BA95D9}.Debug|iPhoneSimulator.Deploy.0 = Debug|Any CPU
		{20DA9B74-B4C3-4D47-AE8F-EB4C29BA95D9}.Debug|x64.ActiveCfg = Debug|Any CPU
		{20DA9B74-B4C3-4D47-AE8F-EB4C29BA95D9}.Debug|x64.Build.0 = Debug|Any CPU
		{20DA9B74-B4C3-4D47-AE8F-EB4C29BA95D9}.Debug|x64.Deploy.0 = Debug|Any CPU
		{20DA9B74-B4C3-4D47-AE8F-EB4C29BA95D9}.Debug|x86.ActiveCfg = Debug|Any CPU
		{20DA9B74-B4C3-4D47-AE8F-EB4C29BA95D9}.Debug|x86.Build.0 = Debug|Any CPU
		{20DA9B74-B4C3-4D47-AE8F-EB4C29BA95D9}.Debug|x86.Deploy.0 = Debug|Any CPU
		{20DA9B74-B4C3-4D47-AE8F-EB4C29BA95D9}.Release|Any CPU.ActiveCfg = Release|Any CPU
		{20DA9B74-B4C3-4D47-AE8F-EB4C29BA95D9}.Release|Any CPU.Build.0 = Release|Any CPU
		{20DA9B74-B4C3-4D47-AE8F-EB4C29BA95D9}.Release|Any CPU.Deploy.0 = Release|Any CPU
		{20DA9B74-B4C3-4D47-AE8F-EB4C29BA95D9}.Release|ARM.ActiveCfg = Release|Any CPU
		{20DA9B74-B4C3-4D47-AE8F-EB4C29BA95D9}.Release|ARM.Build.0 = Release|Any CPU
		{20DA9B74-B4C3-4D47-AE8F-EB4C29BA95D9}.Release|ARM.Deploy.0 = Release|Any CPU
		{20DA9B74-B4C3-4D47-AE8F-EB4C29BA95D9}.Release|iPhone.ActiveCfg = Release|Any CPU
		{20DA9B74-B4C3-4D47-AE8F-EB4C29BA95D9}.Release|iPhone.Build.0 = Release|Any CPU
		{20DA9B74-B4C3-4D47-AE8F-EB4C29BA95D9}.Release|iPhone.Deploy.0 = Release|Any CPU
		{20DA9B74-B4C3-4D47-AE8F-EB4C29BA95D9}.Release|iPhoneSimulator.ActiveCfg = Release|Any CPU
		{20DA9B74-B4C3-4D47-AE8F-EB4C29BA95D9}.Release|iPhoneSimulator.Build.0 = Release|Any CPU
		{20DA9B74-B4C3-4D47-AE8F-EB4C29BA95D9}.Release|iPhoneSimulator.Deploy.0 = Release|Any CPU
		{20DA9B74-B4C3-4D47-AE8F-EB4C29BA95D9}.Release|x64.ActiveCfg = Release|Any CPU
		{20DA9B74-B4C3-4D47-AE8F-EB4C29BA95D9}.Release|x64.Build.0 = Release|Any CPU
		{20DA9B74-B4C3-4D47-AE8F-EB4C29BA95D9}.Release|x64.Deploy.0 = Release|Any CPU
		{20DA9B74-B4C3-4D47-AE8F-EB4C29BA95D9}.Release|x86.ActiveCfg = Release|Any CPU
		{20DA9B74-B4C3-4D47-AE8F-EB4C29BA95D9}.Release|x86.Build.0 = Release|Any CPU
		{20DA9B74-B4C3-4D47-AE8F-EB4C29BA95D9}.Release|x86.Deploy.0 = Release|Any CPU
		{07C3C383-90F3-4226-94F6-7FDDE582DA65}.Ad-Hoc|Any CPU.ActiveCfg = Debug|Any CPU
		{07C3C383-90F3-4226-94F6-7FDDE582DA65}.Ad-Hoc|Any CPU.Build.0 = Debug|Any CPU
		{07C3C383-90F3-4226-94F6-7FDDE582DA65}.Ad-Hoc|ARM.ActiveCfg = Debug|Any CPU
		{07C3C383-90F3-4226-94F6-7FDDE582DA65}.Ad-Hoc|ARM.Build.0 = Debug|Any CPU
		{07C3C383-90F3-4226-94F6-7FDDE582DA65}.Ad-Hoc|iPhone.ActiveCfg = Debug|Any CPU
		{07C3C383-90F3-4226-94F6-7FDDE582DA65}.Ad-Hoc|iPhone.Build.0 = Debug|Any CPU
		{07C3C383-90F3-4226-94F6-7FDDE582DA65}.Ad-Hoc|iPhoneSimulator.ActiveCfg = Debug|Any CPU
		{07C3C383-90F3-4226-94F6-7FDDE582DA65}.Ad-Hoc|iPhoneSimulator.Build.0 = Debug|Any CPU
		{07C3C383-90F3-4226-94F6-7FDDE582DA65}.Ad-Hoc|x64.ActiveCfg = Debug|Any CPU
		{07C3C383-90F3-4226-94F6-7FDDE582DA65}.Ad-Hoc|x64.Build.0 = Debug|Any CPU
		{07C3C383-90F3-4226-94F6-7FDDE582DA65}.Ad-Hoc|x86.ActiveCfg = Debug|Any CPU
		{07C3C383-90F3-4226-94F6-7FDDE582DA65}.Ad-Hoc|x86.Build.0 = Debug|Any CPU
		{07C3C383-90F3-4226-94F6-7FDDE582DA65}.AppStore|Any CPU.ActiveCfg = Debug|Any CPU
		{07C3C383-90F3-4226-94F6-7FDDE582DA65}.AppStore|Any CPU.Build.0 = Debug|Any CPU
		{07C3C383-90F3-4226-94F6-7FDDE582DA65}.AppStore|ARM.ActiveCfg = Debug|Any CPU
		{07C3C383-90F3-4226-94F6-7FDDE582DA65}.AppStore|ARM.Build.0 = Debug|Any CPU
		{07C3C383-90F3-4226-94F6-7FDDE582DA65}.AppStore|iPhone.ActiveCfg = Debug|Any CPU
		{07C3C383-90F3-4226-94F6-7FDDE582DA65}.AppStore|iPhone.Build.0 = Debug|Any CPU
		{07C3C383-90F3-4226-94F6-7FDDE582DA65}.AppStore|iPhoneSimulator.ActiveCfg = Debug|Any CPU
		{07C3C383-90F3-4226-94F6-7FDDE582DA65}.AppStore|iPhoneSimulator.Build.0 = Debug|Any CPU
		{07C3C383-90F3-4226-94F6-7FDDE582DA65}.AppStore|x64.ActiveCfg = Debug|Any CPU
		{07C3C383-90F3-4226-94F6-7FDDE582DA65}.AppStore|x64.Build.0 = Debug|Any CPU
		{07C3C383-90F3-4226-94F6-7FDDE582DA65}.AppStore|x86.ActiveCfg = Debug|Any CPU
		{07C3C383-90F3-4226-94F6-7FDDE582DA65}.AppStore|x86.Build.0 = Debug|Any CPU
		{07C3C383-90F3-4226-94F6-7FDDE582DA65}.Debug|Any CPU.ActiveCfg = Debug|Any CPU
		{07C3C383-90F3-4226-94F6-7FDDE582DA65}.Debug|Any CPU.Build.0 = Debug|Any CPU
		{07C3C383-90F3-4226-94F6-7FDDE582DA65}.Debug|ARM.ActiveCfg = Debug|Any CPU
		{07C3C383-90F3-4226-94F6-7FDDE582DA65}.Debug|ARM.Build.0 = Debug|Any CPU
		{07C3C383-90F3-4226-94F6-7FDDE582DA65}.Debug|iPhone.ActiveCfg = Debug|Any CPU
		{07C3C383-90F3-4226-94F6-7FDDE582DA65}.Debug|iPhone.Build.0 = Debug|Any CPU
		{07C3C383-90F3-4226-94F6-7FDDE582DA65}.Debug|iPhoneSimulator.ActiveCfg = Debug|Any CPU
		{07C3C383-90F3-4226-94F6-7FDDE582DA65}.Debug|iPhoneSimulator.Build.0 = Debug|Any CPU
		{07C3C383-90F3-4226-94F6-7FDDE582DA65}.Debug|x64.ActiveCfg = Debug|Any CPU
		{07C3C383-90F3-4226-94F6-7FDDE582DA65}.Debug|x64.Build.0 = Debug|Any CPU
		{07C3C383-90F3-4226-94F6-7FDDE582DA65}.Debug|x86.ActiveCfg = Debug|Any CPU
		{07C3C383-90F3-4226-94F6-7FDDE582DA65}.Debug|x86.Build.0 = Debug|Any CPU
		{07C3C383-90F3-4226-94F6-7FDDE582DA65}.Release|Any CPU.ActiveCfg = Release|Any CPU
		{07C3C383-90F3-4226-94F6-7FDDE582DA65}.Release|Any CPU.Build.0 = Release|Any CPU
		{07C3C383-90F3-4226-94F6-7FDDE582DA65}.Release|ARM.ActiveCfg = Release|Any CPU
		{07C3C383-90F3-4226-94F6-7FDDE582DA65}.Release|ARM.Build.0 = Release|Any CPU
		{07C3C383-90F3-4226-94F6-7FDDE582DA65}.Release|iPhone.ActiveCfg = Release|Any CPU
		{07C3C383-90F3-4226-94F6-7FDDE582DA65}.Release|iPhone.Build.0 = Release|Any CPU
		{07C3C383-90F3-4226-94F6-7FDDE582DA65}.Release|iPhoneSimulator.ActiveCfg = Release|Any CPU
		{07C3C383-90F3-4226-94F6-7FDDE582DA65}.Release|iPhoneSimulator.Build.0 = Release|Any CPU
		{07C3C383-90F3-4226-94F6-7FDDE582DA65}.Release|x64.ActiveCfg = Release|Any CPU
		{07C3C383-90F3-4226-94F6-7FDDE582DA65}.Release|x64.Build.0 = Release|Any CPU
		{07C3C383-90F3-4226-94F6-7FDDE582DA65}.Release|x86.ActiveCfg = Release|Any CPU
		{07C3C383-90F3-4226-94F6-7FDDE582DA65}.Release|x86.Build.0 = Release|Any CPU
	EndGlobalSection
	GlobalSection(SolutionProperties) = preSolution
		HideSolutionNode = FALSE
	EndGlobalSection
	GlobalSection(NestedProjects) = preSolution
		{CE48E5DF-50ED-488F-9CD9-7610844A2F8A} = {71D67BB3-7FFD-4CD0-88E0-D29233298310}
		{F804B52E-5595-40BD-99F3-20496EE7184D} = {71D67BB3-7FFD-4CD0-88E0-D29233298310}
		{B3BF78AA-F518-471D-B297-4C07E73403A9} = {35D82A61-D16A-4CB5-ACEE-7C35C3F661D3}
		{98C1EDEF-0E3F-4E07-BBCB-7EC32C0BFB73} = {35D82A61-D16A-4CB5-ACEE-7C35C3F661D3}
		{8FEF5F65-D0D1-44E7-8999-2308024E7081} = {35D82A61-D16A-4CB5-ACEE-7C35C3F661D3}
		{BD7A3CF1-BAB1-4525-B898-881539A6AA34} = {8FEF5F65-D0D1-44E7-8999-2308024E7081}
		{7F5E60AA-C3AE-4C1D-83EB-407A1CEF5303} = {2D4840AB-2F89-4A1D-88F6-522DCB403469}
		{47410203-ED7B-467B-883C-9BAABCAE7581} = {03478097-7921-4062-BCB7-7C17B92D43B4}
		{E2A2D8C0-0923-4AFD-B04E-1E0666EB0108} = {F804B52E-5595-40BD-99F3-20496EE7184D}
		{27A22C25-A7A9-481D-8546-55493E9AA941} = {F804B52E-5595-40BD-99F3-20496EE7184D}
		{97B6C7EC-4DB7-4F1A-B37F-32A8BA41F041} = {85A1930D-93E1-4547-896D-BAA02C72DB5D}
		{29481AC1-E64C-4E3D-A3C9-BBE5427E364F} = {B3BF78AA-F518-471D-B297-4C07E73403A9}
		{D62C5112-E253-497A-8640-1CB651FB47A6} = {B3BF78AA-F518-471D-B297-4C07E73403A9}
		{C0063622-7547-4D97-8153-29BED5CD329B} = {B3BF78AA-F518-471D-B297-4C07E73403A9}
		{20DA9B74-B4C3-4D47-AE8F-EB4C29BA95D9} = {B3BF78AA-F518-471D-B297-4C07E73403A9}
		{07C3C383-90F3-4226-94F6-7FDDE582DA65} = {98AA62C4-F91F-4908-A980-5F79E55BE5A2}
	EndGlobalSection
EndGlobal
